
Microsoft Visual Studio Solution File, Format Version 12.00
# Visual Studio Version 17
VisualStudioVersion = 17.9.34728.123
MinimumVisualStudioVersion = 10.0.40219.1
Project("{2150E333-8FDC-42A3-9474-1A3956D46DE8}") = "Services", "Services", "{C5939D41-4D69-42AA-ADEE-180D7DE4BFB2}"
EndProject
Project("{2150E333-8FDC-42A3-9474-1A3956D46DE8}") = "Catalog", "Catalog", "{7DC82EAC-C3E6-4DA2-B891-D5D870DB22F2}"
EndProject
Project("{9A19103F-16F7-4668-BE54-9A1E7A4F7556}") = "Catalog.API", "Catalog.API\Catalog.API.csproj", "{D3B05262-5D5E-463E-B87B-2F0E0319DA27}"
EndProject
Project("{2150E333-8FDC-42A3-9474-1A3956D46DE8}") = "BuildingBlock", "BuildingBlock", "{30BD32A3-795A-4CE4-948E-0B531B7B4002}"
EndProject
Project("{9A19103F-16F7-4668-BE54-9A1E7A4F7556}") = "BuildingBlocks", "BuildingBlocks\BuildingBlocks.csproj", "{470469ED-E835-464B-BBEA-D3D276F39794}"
EndProject
Project("{E53339B2-1760-4266-BCC7-CA923CBCF16C}") = "docker-compose", "docker-compose.dcproj", "{D5F876C3-2F7E-4616-8BD6-AD600CE043B6}"
EndProject
Project("{2150E333-8FDC-42A3-9474-1A3956D46DE8}") = "Basket", "Basket", "{43F5B3AF-ECC7-456C-8EE2-581FB1EF382A}"
EndProject
Project("{FAE04EC0-301F-11D3-BF4B-00C04F79EFBC}") = "Basket.API", "Basket.API\Basket.API.csproj", "{5B40C61A-7A9D-4125-BEB0-55662D3D6B04}"
EndProject
Project("{2150E333-8FDC-42A3-9474-1A3956D46DE8}") = "Discount", "Discount", "{02EA681E-C7D8-13C7-8484-4AC65E1B71E8}"
EndProject
Project("{FAE04EC0-301F-11D3-BF4B-00C04F79EFBC}") = "Discount.Grpc", "Discount\Discount.Grpc\Discount.Grpc.csproj", "{BF0C6955-CC3A-4114-B720-E2BF47E9042B}"
EndProject
Global
	GlobalSection(SolutionConfigurationPlatforms) = preSolution
		Debug|Any CPU = Debug|Any CPU
		Release|Any CPU = Release|Any CPU
	EndGlobalSection
	GlobalSection(ProjectConfigurationPlatforms) = postSolution
		{D3B05262-5D5E-463E-B87B-2F0E0319DA27}.Debug|Any CPU.ActiveCfg = Debug|Any CPU
		{D3B05262-5D5E-463E-B87B-2F0E0319DA27}.Debug|Any CPU.Build.0 = Debug|Any CPU
		{D3B05262-5D5E-463E-B87B-2F0E0319DA27}.Release|Any CPU.ActiveCfg = Release|Any CPU
		{D3B05262-5D5E-463E-B87B-2F0E0319DA27}.Release|Any CPU.Build.0 = Release|Any CPU
		{470469ED-E835-464B-BBEA-D3D276F39794}.Debug|Any CPU.ActiveCfg = Debug|Any CPU
		{470469ED-E835-464B-BBEA-D3D276F39794}.Debug|Any CPU.Build.0 = Debug|Any CPU
		{470469ED-E835-464B-BBEA-D3D276F39794}.Release|Any CPU.ActiveCfg = Release|Any CPU
		{470469ED-E835-464B-BBEA-D3D276F39794}.Release|Any CPU.Build.0 = Release|Any CPU
		{D5F876C3-2F7E-4616-8BD6-AD600CE043B6}.Debug|Any CPU.ActiveCfg = Debug|Any CPU
		{D5F876C3-2F7E-4616-8BD6-AD600CE043B6}.Debug|Any CPU.Build.0 = Debug|Any CPU
		{D5F876C3-2F7E-4616-8BD6-AD600CE043B6}.Release|Any CPU.ActiveCfg = Release|Any CPU
		{D5F876C3-2F7E-4616-8BD6-AD600CE043B6}.Release|Any CPU.Build.0 = Release|Any CPU
		{5B40C61A-7A9D-4125-BEB0-55662D3D6B04}.Debug|Any CPU.ActiveCfg = Debug|Any CPU
		{5B40C61A-7A9D-4125-BEB0-55662D3D6B04}.Debug|Any CPU.Build.0 = Debug|Any CPU
		{5B40C61A-7A9D-4125-BEB0-55662D3D6B04}.Release|Any CPU.ActiveCfg = Release|Any CPU
		{5B40C61A-7A9D-4125-BEB0-55662D3D6B04}.Release|Any CPU.Build.0 = Release|Any CPU
		{BF0C6955-CC3A-4114-B720-E2BF47E9042B}.Debug|Any CPU.ActiveCfg = Debug|Any CPU
		{BF0C6955-CC3A-4114-B720-E2BF47E9042B}.Debug|Any CPU.Build.0 = Debug|Any CPU
		{BF0C6955-CC3A-4114-B720-E2BF47E9042B}.Release|Any CPU.ActiveCfg = Release|Any CPU
		{BF0C6955-CC3A-4114-B720-E2BF47E9042B}.Release|Any CPU.Build.0 = Release|Any CPU
	EndGlobalSection
	GlobalSection(SolutionProperties) = preSolution
		HideSolutionNode = FALSE
	EndGlobalSection
	GlobalSection(NestedProjects) = preSolution
		{7DC82EAC-C3E6-4DA2-B891-D5D870DB22F2} = {C5939D41-4D69-42AA-ADEE-180D7DE4BFB2}
		{D3B05262-5D5E-463E-B87B-2F0E0319DA27} = {7DC82EAC-C3E6-4DA2-B891-D5D870DB22F2}
		{470469ED-E835-464B-BBEA-D3D276F39794} = {30BD32A3-795A-4CE4-948E-0B531B7B4002}
		{43F5B3AF-ECC7-456C-8EE2-581FB1EF382A} = {C5939D41-4D69-42AA-ADEE-180D7DE4BFB2}
		{5B40C61A-7A9D-4125-BEB0-55662D3D6B04} = {43F5B3AF-ECC7-456C-8EE2-581FB1EF382A}
		{02EA681E-C7D8-13C7-8484-4AC65E1B71E8} = {C5939D41-4D69-42AA-ADEE-180D7DE4BFB2}
		{BF0C6955-CC3A-4114-B720-E2BF47E9042B} = {02EA681E-C7D8-13C7-8484-4AC65E1B71E8}
	EndGlobalSection
	GlobalSection(ExtensibilityGlobals) = postSolution
		SolutionGuid = {B32F7882-6898-46B4-8CD3-A159149A46BF}
	EndGlobalSection
EndGlobal
